// !$*UTF8*$!
{
	archiveVersion = 1;
	classes = {
	};
	objectVersion = 46;
	objects = {

/* Begin PBXBuildFile section */
		180093D21B7DCBD0008A7D88 /* main.m in Sources */ = {isa = PBXBuildFile; fileRef = 180093D11B7DCBD0008A7D88 /* main.m */; };
		180093D51B7DCBD0008A7D88 /* AppDelegate.m in Sources */ = {isa = PBXBuildFile; fileRef = 180093D41B7DCBD0008A7D88 /* AppDelegate.m */; };
		180093D81B7DCBD0008A7D88 /* ViewController.m in Sources */ = {isa = PBXBuildFile; fileRef = 180093D71B7DCBD0008A7D88 /* ViewController.m */; };
		180093DB1B7DCBD0008A7D88 /* Main.storyboard in Resources */ = {isa = PBXBuildFile; fileRef = 180093D91B7DCBD0008A7D88 /* Main.storyboard */; };
		180093DD1B7DCBD0008A7D88 /* Images.xcassets in Resources */ = {isa = PBXBuildFile; fileRef = 180093DC1B7DCBD0008A7D88 /* Images.xcassets */; };
		180093E01B7DCBD0008A7D88 /* LaunchScreen.xib in Resources */ = {isa = PBXBuildFile; fileRef = 180093DE1B7DCBD0008A7D88 /* LaunchScreen.xib */; };
		180093EC1B7DCBD0008A7D88 /* iOS17Tests.m in Sources */ = {isa = PBXBuildFile; fileRef = 180093EB1B7DCBD0008A7D88 /* iOS17Tests.m */; };
/* End PBXBuildFile section */

/* Begin PBXContainerItemProxy section */
		180093E61B7DCBD0008A7D88 /* PBXContainerItemProxy */ = {
			isa = PBXContainerItemProxy;
			containerPortal = 180093C41B7DCBD0008A7D88 /* Project object */;
			proxyType = 1;
			remoteGlobalIDString = 180093CB1B7DCBD0008A7D88;
			remoteInfo = iOS17;
		};
/* End PBXContainerItemProxy section */

/* Begin PBXFileReference section */
		180093CC1B7DCBD0008A7D88 /* iOS17.app */ = {isa = PBXFileReference; explicitFileType = wrapper.application; includeInIndex = 0; path = iOS17.app; sourceTree = BUILT_PRODUCTS_DIR; };
		180093D01B7DCBD0008A7D88 /* Info.plist */ = {isa = PBXFileReference; lastKnownFileType = text.plist.xml; path = Info.plist; sourceTree = "<group>"; };
		180093D11B7DCBD0008A7D88 /* main.m */ = {isa = PBXFileReference; lastKnownFileType = sourcecode.c.objc; path = main.m; sourceTree = "<group>"; };
		180093D31B7DCBD0008A7D88 /* AppDelegate.h */ = {isa = PBXFileReference; lastKnownFileType = sourcecode.c.h; path = AppDelegate.h; sourceTree = "<group>"; };
		180093D41B7DCBD0008A7D88 /* AppDelegate.m */ = {isa = PBXFileReference; lastKnownFileType = sourcecode.c.objc; path = AppDelegate.m; sourceTree = "<group>"; };
		180093D61B7DCBD0008A7D88 /* ViewController.h */ = {isa = PBXFileReference; lastKnownFileType = sourcecode.c.h; path = ViewController.h; sourceTree = "<group>"; };
		180093D71B7DCBD0008A7D88 /* ViewController.m */ = {isa = PBXFileReference; lastKnownFileType = sourcecode.c.objc; path = ViewController.m; sourceTree = "<group>"; };
		180093DA1B7DCBD0008A7D88 /* Base */ = {isa = PBXFileReference; lastKnownFileType = file.storyboard; name = Base; path = Base.lproj/Main.storyboard; sourceTree = "<group>"; };
		180093DC1B7DCBD0008A7D88 /* Images.xcassets */ = {isa = PBXFileReference; lastKnownFileType = folder.assetcatalog; path = Images.xcassets; sourceTree = "<group>"; };
		180093DF1B7DCBD0008A7D88 /* Base */ = {isa = PBXFileReference; lastKnownFileType = file.xib; name = Base; path = Base.lproj/LaunchScreen.xib; sourceTree = "<group>"; };
		180093E51B7DCBD0008A7D88 /* iOS17Tests.xctest */ = {isa = PBXFileReference; explicitFileType = wrapper.cfbundle; includeInIndex = 0; path = iOS17Tests.xctest; sourceTree = BUILT_PRODUCTS_DIR; };
		180093EA1B7DCBD0008A7D88 /* Info.plist */ = {isa = PBXFileReference; lastKnownFileType = text.plist.xml; path = Info.plist; sourceTree = "<group>"; };
		180093EB1B7DCBD0008A7D88 /* iOS17Tests.m */ = {isa = PBXFileReference; lastKnownFileType = sourcecode.c.objc; path = iOS17Tests.m; sourceTree = "<group>"; };
/* End PBXFileReference section */

/* Begin PBXFrameworksBuildPhase section */
		180093C91B7DCBD0008A7D88 /* Frameworks */ = {
			isa = PBXFrameworksBuildPhase;
			buildActionMask = 2147483647;
			files = (
			);
			runOnlyForDeploymentPostprocessing = 0;
		};
		180093E21B7DCBD0008A7D88 /* Frameworks */ = {
			isa = PBXFrameworksBuildPhase;
			buildActionMask = 2147483647;
			files = (
			);
			runOnlyForDeploymentPostprocessing = 0;
		};
/* End PBXFrameworksBuildPhase section */

/* Begin PBXGroup section */
		180093C31B7DCBD0008A7D88 = {
			isa = PBXGroup;
			children = (
				180093CE1B7DCBD0008A7D88 /* iOS17 */,
				180093E81B7DCBD0008A7D88 /* iOS17Tests */,
				180093CD1B7DCBD0008A7D88 /* Products */,
			);
			sourceTree = "<group>";
		};
		180093CD1B7DCBD0008A7D88 /* Products */ = {
			isa = PBXGroup;
			children = (
				180093CC1B7DCBD0008A7D88 /* iOS17.app */,
				180093E51B7DCBD0008A7D88 /* iOS17Tests.xctest */,
			);
			name = Products;
			sourceTree = "<group>";
		};
		180093CE1B7DCBD0008A7D88 /* iOS17 */ = {
			isa = PBXGroup;
			children = (
				180093D31B7DCBD0008A7D88 /* AppDelegate.h */,
				180093D41B7DCBD0008A7D88 /* AppDelegate.m */,
				180093D61B7DCBD0008A7D88 /* ViewController.h */,
				180093D71B7DCBD0008A7D88 /* ViewController.m */,
				180093D91B7DCBD0008A7D88 /* Main.storyboard */,
				180093DC1B7DCBD0008A7D88 /* Images.xcassets */,
				180093DE1B7DCBD0008A7D88 /* LaunchScreen.xib */,
				180093CF1B7DCBD0008A7D88 /* Supporting Files */,
			);
			path = iOS17;
			sourceTree = "<group>";
		};
		180093CF1B7DCBD0008A7D88 /* Supporting Files */ = {
			isa = PBXGroup;
			children = (
				180093D01B7DCBD0008A7D88 /* Info.plist */,
				180093D11B7DCBD0008A7D88 /* main.m */,
			);
			name = "Supporting Files";
			sourceTree = "<group>";
		};
		180093E81B7DCBD0008A7D88 /* iOS17Tests */ = {
			isa = PBXGroup;
			children = (
				180093EB1B7DCBD0008A7D88 /* iOS17Tests.m */,
				180093E91B7DCBD0008A7D88 /* Supporting Files */,
			);
			path = iOS17Tests;
			sourceTree = "<group>";
		};
		180093E91B7DCBD0008A7D88 /* Supporting Files */ = {
			isa = PBXGroup;
			children = (
				180093EA1B7DCBD0008A7D88 /* Info.plist */,
			);
			name = "Supporting Files";
			sourceTree = "<group>";
		};
/* End PBXGroup section */

/* Begin PBXNativeTarget section */
		180093CB1B7DCBD0008A7D88 /* iOS17 */ = {
			isa = PBXNativeTarget;
			buildConfigurationList = 180093EF1B7DCBD0008A7D88 /* Build configuration list for PBXNativeTarget "iOS17" */;
			buildPhases = (
				180093C81B7DCBD0008A7D88 /* Sources */,
				180093C91B7DCBD0008A7D88 /* Frameworks */,
				180093CA1B7DCBD0008A7D88 /* Resources */,
			);
			buildRules = (
			);
			dependencies = (
			);
			name = iOS17;
			productName = iOS17;
			productReference = 180093CC1B7DCBD0008A7D88 /* iOS17.app */;
			productType = "com.apple.product-type.application";
		};
		180093E41B7DCBD0008A7D88 /* iOS17Tests */ = {
			isa = PBXNativeTarget;
			buildConfigurationList = 180093F21B7DCBD0008A7D88 /* Build configuration list for PBXNativeTarget "iOS17Tests" */;
			buildPhases = (
				180093E11B7DCBD0008A7D88 /* Sources */,
				180093E21B7DCBD0008A7D88 /* Frameworks */,
				180093E31B7DCBD0008A7D88 /* Resources */,
			);
			buildRules = (
			);
			dependencies = (
				180093E71B7DCBD0008A7D88 /* PBXTargetDependency */,
			);
			name = iOS17Tests;
			productName = iOS17Tests;
			productReference = 180093E51B7DCBD0008A7D88 /* iOS17Tests.xctest */;
			productType = "com.apple.product-type.bundle.unit-test";
		};
/* End PBXNativeTarget section */

/* Begin PBXProject section */
		180093C41B7DCBD0008A7D88 /* Project object */ = {
			isa = PBXProject;
			attributes = {
				LastUpgradeCheck = 0640;
				ORGANIZATIONNAME = itcast;
				TargetAttributes = {
					180093CB1B7DCBD0008A7D88 = {
						CreatedOnToolsVersion = 6.4;
					};
					180093E41B7DCBD0008A7D88 = {
						CreatedOnToolsVersion = 6.4;
						TestTargetID = 180093CB1B7DCBD0008A7D88;
					};
				};
			};
			buildConfigurationList = 180093C71B7DCBD0008A7D88 /* Build configuration list for PBXProject "iOS17" */;
			compatibilityVersion = "Xcode 3.2";
			developmentRegion = English;
			hasScannedForEncodings = 0;
			knownRegions = (
				en,
				Base,
			);
			mainGroup = 180093C31B7DCBD0008A7D88;
			productRefGroup = 180093CD1B7DCBD0008A7D88 /* Products */;
			projectDirPath = "";
			projectRoot = "";
			targets = (
				180093CB1B7DCBD0008A7D88 /* iOS17 */,
				180093E41B7DCBD0008A7D88 /* iOS17Tests */,
			);
		};
/* End PBXProject section */

/* Begin PBXResourcesBuildPhase section */
		180093CA1B7DCBD0008A7D88 /* Resources */ = {
			isa = PBXResourcesBuildPhase;
			buildActionMask = 2147483647;
			files = (
				180093DB1B7DCBD0008A7D88 /* Main.storyboard in Resources */,
				180093E01B7DCBD0008A7D88 /* LaunchScreen.xib in Resources */,
				180093DD1B7DCBD0008A7D88 /* Images.xcassets in Resources */,
			);
			runOnlyForDeploymentPostprocessing = 0;
		};
		180093E31B7DCBD0008A7D88 /* Resources */ = {
			isa = PBXResourcesBuildPhase;
			buildActionMask = 2147483647;
			files = (
			);
			runOnlyForDeploymentPostprocessing = 0;
		};
/* End PBXResourcesBuildPhase section */

/* Begin PBXSourcesBuildPhase section */
		180093C81B7DCBD0008A7D88 /* Sources */ = {
			isa = PBXSourcesBuildPhase;
			buildActionMask = 2147483647;
			files = (
				180093D81B7DCBD0008A7D88 /* ViewController.m in Sources */,
				180093D51B7DCBD0008A7D88 /* AppDelegate.m in Sources */,
				180093D21B7DCBD0008A7D88 /* main.m in Sources */,
			);
			runOnlyForDeploymentPostprocessing = 0;
		};
		180093E11B7DCBD0008A7D88 /* Sources */ = {
			isa = PBXSourcesBuildPhase;
			buildActionMask = 2147483647;
			files = (
				180093EC1B7DCBD0008A7D88 /* iOS17Tests.m in Sources */,
			);
			runOnlyForDeploymentPostprocessing = 0;
		};
/* End PBXSourcesBuildPhase section */

/* Begin PBXTargetDependency section */
		180093E71B7DCBD0008A7D88 /* PBXTargetDependency */ = {
			isa = PBXTargetDependency;
			target = 180093CB1B7DCBD0008A7D88 /* iOS17 */;
			targetProxy = 180093E61B7DCBD0008A7D88 /* PBXContainerItemProxy */;
		};
/* End PBXTargetDependency section */

/* Begin PBXVariantGroup section */
		180093D91B7DCBD0008A7D88 /* Main.storyboard */ = {
			isa = PBXVariantGroup;
			children = (
				180093DA1B7DCBD0008A7D88 /* Base */,
			);
			name = Main.storyboard;
			sourceTree = "<group>";
		};
		180093DE1B7DCBD0008A7D88 /* LaunchScreen.xib */ = {
			isa = PBXVariantGroup;
			children = (
				180093DF1B7DCBD0008A7D88 /* Base */,
			);
			name = LaunchScreen.xib;
			sourceTree = "<group>";
		};
/* End PBXVariantGroup section */

/* Begin XCBuildConfiguration section */
		180093ED1B7DCBD0008A7D88 /* Debug */ = {
			isa = XCBuildConfiguration;
			buildSettings = {
				ALWAYS_SEARCH_USER_PATHS = NO;
				CLANG_CXX_LANGUAGE_STANDARD = "gnu++0x";
				CLANG_CXX_LIBRARY = "libc++";
				CLANG_ENABLE_MODULES = YES;
				CLANG_ENABLE_OBJC_ARC = YES;
				CLANG_WARN_BOOL_CONVERSION = YES;
				CLANG_WARN_CONSTANT_CONVERSION = YES;
				CLANG_WARN_DIRECT_OBJC_ISA_USAGE = YES_ERROR;
				CLANG_WARN_EMPTY_BODY = YES;
				CLANG_WARN_ENUM_CONVERSION = YES;
				CLANG_WARN_INT_CONVERSION = YES;
				CLANG_WARN_OBJC_ROOT_CLASS = YES_ERROR;
				CLANG_WARN_UNREACHABLE_CODE = YES;
				CLANG_WARN__DUPLICATE_METHOD_MATCH = YES;
				"CODE_SIGN_IDENTITY[sdk=iphoneos*]" = "iPhone Developer";
				COPY_PHASE_STRIP = NO;
				DEBUG_INFORMATION_FORMAT = "dwarf-with-dsym";
				ENABLE_STRICT_OBJC_MSGSEND = YES;
				GCC_C_LANGUAGE_STANDARD = gnu99;
				GCC_DYNAMIC_NO_PIC = NO;
				GCC_NO_COMMON_BLOCKS = YES;
				GCC_OPTIMIZATION_LEVEL = 0;
				GCC_PREPROCESSOR_DEFINITIONS = (
					"DEBUG=1",
					"$(inherited)",
				);
				GCC_SYMBOLS_PRIVATE_EXTERN = NO;
				GCC_WARN_64_TO_32_BIT_CONVERSION = YES;
				GCC_WARN_ABOUT_RETURN_TYPE = YES_ERROR;
				GCC_WARN_UNDECLARED_SELECTOR = YES;
				GCC_WARN_UNINITIALIZED_AUTOS = YES_AGGRESSIVE;
				GCC_WARN_UNUSED_FUNCTION = YES;
				GCC_WARN_UNUSED_VARIABLE = YES;
				IPHONEOS_DEPLOYMENT_TARGET = 8.4;
				MTL_ENABLE_DEBUG_INFO = YES;
				ONLY_ACTIVE_ARCH = YES;
				SDKROOT = iphoneos;
			};
			name = Debug;
		};
		180093EE1B7DCBD0008A7D88 /* Release */ = {
			isa = XCBuildConfiguration;
			buildSettings = {
				ALWAYS_SEARCH_USER_PATHS = NO;
				CLANG_CXX_LANGUAGE_STANDARD = "gnu++0x";
				CLANG_CXX_LIBRARY = "libc++";
				CLANG_ENABLE_MODULES = YES;
				CLANG_ENABLE_OBJC_ARC = YES;
				CLANG_WARN_BOOL_CONVERSION = YES;
				CLANG_WARN_CONSTANT_CONVERSION = YES;
				CLANG_WARN_DIRECT_OBJC_ISA_USAGE = YES_ERROR;
				CLANG_WARN_EMPTY_BODY = YES;
				CLANG_WARN_ENUM_CONVERSION = YES;
				CLANG_WARN_INT_CONVERSION = YES;
				CLANG_WARN_OBJC_ROOT_CLASS = YES_ERROR;
				CLANG_WARN_UNREACHABLE_CODE = YES;
				CLANG_WARN__DUPLICATE_METHOD_MATCH = YES;
				"CODE_SIGN_IDENTITY[sdk=iphoneos*]" = "iPhone Developer";
				COPY_PHASE_STRIP = NO;
				DEBUG_INFORMATION_FORMAT = "dwarf-with-dsym";
				ENABLE_NS_ASSERTIONS = NO;
				ENABLE_STRICT_OBJC_MSGSEND = YES;
				GCC_C_LANGUAGE_STANDARD = gnu99;
				GCC_NO_COMMON_BLOCKS = YES;
				GCC_WARN_64_TO_32_BIT_CONVERSION = YES;
				GCC_WARN_ABOUT_RETURN_TYPE = YES_ERROR;
				GCC_WARN_UNDECLARED_SELECTOR = YES;
				GCC_WARN_UNINITIALIZED_AUTOS = YES_AGGRESSIVE;
				GCC_WARN_UNUSED_FUNCTION = YES;
				GCC_WARN_UNUSED_VARIABLE = YES;
				IPHONEOS_DEPLOYMENT_TARGET = 8.4;
				MTL_ENABLE_DEBUG_INFO = NO;
				SDKROOT = iphoneos;
				VALIDATE_PRODUCT = YES;
			};
			name = Release;
		};
		180093F01B7DCBD0008A7D88 /* Debug */ = {
			isa = XCBuildConfiguration;
			buildSettings = {
				ASSETCATALOG_COMPILER_APPICON_NAME = AppIcon;
				INFOPLIST_FILE = iOS17/Info.plist;
				LD_RUNPATH_SEARCH_PATHS = "$(inherited) @executable_path/Frameworks";
				PRODUCT_NAME = "$(TARGET_NAME)";
			};
			name = Debug;
		};
		180093F11B7DCBD0008A7D88 /* Release */ = {
			isa = XCBuildConfiguration;
			buildSettings = {
				ASSETCATALOG_COMPILER_APPICON_NAME = AppIcon;
				INFOPLIST_FILE = iOS17/Info.plist;
				LD_RUNPATH_SEARCH_PATHS = "$(inherited) @executable_path/Frameworks";
				PRODUCT_NAME = "$(TARGET_NAME)";
			};
			name = Release;
		};
		180093F31B7DCBD0008A7D88 /* Debug */ = {
			isa = XCBuildConfiguration;
			buildSettings = {
				BUNDLE_LOADER = "$(TEST_HOST)";
				FRAMEWORK_SEARCH_PATHS = (
					"$(SDKROOT)/Developer/Library/Frameworks",
					"$(inherited)",
				);
				GCC_PREPROCESSOR_DEFINITIONS = (
					"DEBUG=1",
					"$(inherited)",
				);
				INFOPLIST_FILE = iOS17Tests/Info.plist;
				LD_RUNPATH_SEARCH_PATHS = "$(inherited) @executable_path/Frameworks @loader_path/Frameworks";
				PRODUCT_NAME = "$(TARGET_NAME)";
				TEST_HOST = "$(BUILT_PRODUCTS_DIR)/iOS17.app/iOS17";
			};
			name = Debug;
		};
		180093F41B7DCBD0008A7D88 /* Release */ = {
			isa = XCBuildConfiguration;
			buildSettings = {
				BUNDLE_LOADER = "$(TEST_HOST)";
				FRAMEWORK_SEARCH_PATHS = (
					"$(SDKROOT)/Developer/Library/Frameworks",
					"$(inherited)",
				);
				INFOPLIST_FILE = iOS17Tests/Info.plist;
				LD_RUNPATH_SEARCH_PATHS = "$(inherited) @executable_path/Frameworks @loader_path/Frameworks";
				PRODUCT_NAME = "$(TARGET_NAME)";
				TEST_HOST = "$(BUILT_PRODUCTS_DIR)/iOS17.app/iOS17";
			};
			name = Release;
		};
/* End XCBuildConfiguration section */

/* Begin XCConfigurationList section */
		180093C71B7DCBD0008A7D88 /* Build configuration list for PBXProject "iOS17" */ = {
			isa = XCConfigurationList;
			buildConfigurations = (
				180093ED1B7DCBD0008A7D88 /* Debug */,
				180093EE1B7DCBD0008A7D88 /* Release */,
			);
			defaultConfigurationIsVisible = 0;
			defaultConfigurationName = Release;
		};
		180093EF1B7DCBD0008A7D88 /* Build configuration list for PBXNativeTarget "iOS17" */ = {
			isa = XCConfigurationList;
			buildConfigurations = (
				180093F01B7DCBD0008A7D88 /* Debug */,
				180093F11B7DCBD0008A7D88 /* Release */,
			);
			defaultConfigurationIsVisible = 0;
		};
		180093F21B7DCBD0008A7D88 /* Build configuration list for PBXNativeTarget "iOS17Tests" */ = {
			isa = XCConfigurationList;
			buildConfigurations = (
				180093F31B7DCBD0008A7D88 /* Debug */,
				180093F41B7DCBD0008A7D88 /* Release */,
			);
			defaultConfigurationIsVisible = 0;
		};
/* End XCConfigurationList section */
	};
	rootObject = 180093C41B7DCBD0008A7D88 /* Project object */;
}
